// !$*UTF8*$!
{
	archiveVersion = 1;
	classes = {
	};
	objectVersion = 50;
	objects = {

/* Begin PBXBuildFile section */
		BC9587C02212ABE600D06C42 /* AppDelegate.swift in Sources */ = {isa = PBXBuildFile; fileRef = BC9587BF2212ABE600D06C42 /* AppDelegate.swift */; };
		BC9587C22212ABE600D06C42 /* ViewController.swift in Sources */ = {isa = PBXBuildFile; fileRef = BC9587C12212ABE600D06C42 /* ViewController.swift */; };
		BC9587C52212ABE600D06C42 /* Main.storyboard in Resources */ = {isa = PBXBuildFile; fileRef = BC9587C32212ABE600D06C42 /* Main.storyboard */; };
		BC9587C72212ABE700D06C42 /* Assets.xcassets in Resources */ = {isa = PBXBuildFile; fileRef = BC9587C62212ABE700D06C42 /* Assets.xcassets */; };
		BC9587CA2212ABE700D06C42 /* LaunchScreen.storyboard in Resources */ = {isa = PBXBuildFile; fileRef = BC9587C82212ABE700D06C42 /* LaunchScreen.storyboard */; };
		BC9587D52212ABE700D06C42 /* TumbsTests.swift in Sources */ = {isa = PBXBuildFile; fileRef = BC9587D42212ABE700D06C42 /* TumbsTests.swift */; };
		BC9587E02212ABE700D06C42 /* TumbsUITests.swift in Sources */ = {isa = PBXBuildFile; fileRef = BC9587DF2212ABE700D06C42 /* TumbsUITests.swift */; };
/* End PBXBuildFile section */

/* Begin PBXContainerItemProxy section */
		BC9587D12212ABE700D06C42 /* PBXContainerItemProxy */ = {
			isa = PBXContainerItemProxy;
			containerPortal = BC9587B42212ABE600D06C42 /* Project object */;
			proxyType = 1;
			remoteGlobalIDString = BC9587BB2212ABE600D06C42;
			remoteInfo = Tumbs;
		};
		BC9587DC2212ABE700D06C42 /* PBXContainerItemProxy */ = {
			isa = PBXContainerItemProxy;
			containerPortal = BC9587B42212ABE600D06C42 /* Project object */;
			proxyType = 1;
			remoteGlobalIDString = BC9587BB2212ABE600D06C42;
			remoteInfo = Tumbs;
		};
/* End PBXContainerItemProxy section */

/* Begin PBXFileReference section */
		BC9587BC2212ABE600D06C42 /* Tumbs.app */ = {isa = PBXFileReference; explicitFileType = wrapper.application; includeInIndex = 0; path = Tumbs.app; sourceTree = BUILT_PRODUCTS_DIR; };
		BC9587BF2212ABE600D06C42 /* AppDelegate.swift */ = {isa = PBXFileReference; lastKnownFileType = sourcecode.swift; path = AppDelegate.swift; sourceTree = "<group>"; };
		BC9587C12212ABE600D06C42 /* ViewController.swift */ = {isa = PBXFileReference; lastKnownFileType = sourcecode.swift; path = ViewController.swift; sourceTree = "<group>"; };
		BC9587C42212ABE600D06C42 /* Base */ = {isa = PBXFileReference; lastKnownFileType = file.storyboard; name = Base; path = Base.lproj/Main.storyboard; sourceTree = "<group>"; };
		BC9587C62212ABE700D06C42 /* Assets.xcassets */ = {isa = PBXFileReference; lastKnownFileType = folder.assetcatalog; path = Assets.xcassets; sourceTree = "<group>"; };
		BC9587C92212ABE700D06C42 /* Base */ = {isa = PBXFileReference; lastKnownFileType = file.storyboard; name = Base; path = Base.lproj/LaunchScreen.storyboard; sourceTree = "<group>"; };
		BC9587CB2212ABE700D06C42 /* Info.plist */ = {isa = PBXFileReference; lastKnownFileType = text.plist.xml; path = Info.plist; sourceTree = "<group>"; };
		BC9587D02212ABE700D06C42 /* TumbsTests.xctest */ = {isa = PBXFileReference; explicitFileType = wrapper.cfbundle; includeInIndex = 0; path = TumbsTests.xctest; sourceTree = BUILT_PRODUCTS_DIR; };
		BC9587D42212ABE700D06C42 /* TumbsTests.swift */ = {isa = PBXFileReference; lastKnownFileType = sourcecode.swift; path = TumbsTests.swift; sourceTree = "<group>"; };
		BC9587D62212ABE700D06C42 /* Info.plist */ = {isa = PBXFileReference; lastKnownFileType = text.plist.xml; path = Info.plist; sourceTree = "<group>"; };
		BC9587DB2212ABE700D06C42 /* TumbsUITests.xctest */ = {isa = PBXFileReference; explicitFileType = wrapper.cfbundle; includeInIndex = 0; path = TumbsUITests.xctest; sourceTree = BUILT_PRODUCTS_DIR; };
		BC9587DF2212ABE700D06C42 /* TumbsUITests.swift */ = {isa = PBXFileReference; lastKnownFileType = sourcecode.swift; path = TumbsUITests.swift; sourceTree = "<group>"; };
		BC9587E12212ABE700D06C42 /* Info.plist */ = {isa = PBXFileReference; lastKnownFileType = text.plist.xml; path = Info.plist; sourceTree = "<group>"; };
/* End PBXFileReference section */

/* Begin PBXFrameworksBuildPhase section */
		BC9587B92212ABE600D06C42 /* Frameworks */ = {
			isa = PBXFrameworksBuildPhase;
			buildActionMask = 2147483647;
			files = (
			);
			runOnlyForDeploymentPostprocessing = 0;
		};
		BC9587CD2212ABE700D06C42 /* Frameworks */ = {
			isa = PBXFrameworksBuildPhase;
			buildActionMask = 2147483647;
			files = (
			);
			runOnlyForDeploymentPostprocessing = 0;
		};
		BC9587D82212ABE700D06C42 /* Frameworks */ = {
			isa = PBXFrameworksBuildPhase;
			buildActionMask = 2147483647;
			files = (
			);
			runOnlyForDeploymentPostprocessing = 0;
		};
/* End PBXFrameworksBuildPhase section */

/* Begin PBXGroup section */
		BC9587B32212ABE600D06C42 = {
			isa = PBXGroup;
			children = (
				BC9587BE2212ABE600D06C42 /* Tumbs */,
				BC9587D32212ABE700D06C42 /* TumbsTests */,
				BC9587DE2212ABE700D06C42 /* TumbsUITests */,
				BC9587BD2212ABE600D06C42 /* Products */,
			);
			sourceTree = "<group>";
		};
		BC9587BD2212ABE600D06C42 /* Products */ = {
			isa = PBXGroup;
			children = (
				BC9587BC2212ABE600D06C42 /* Tumbs.app */,
				BC9587D02212ABE700D06C42 /* TumbsTests.xctest */,
				BC9587DB2212ABE700D06C42 /* TumbsUITests.xctest */,
			);
			name = Products;
			sourceTree = "<group>";
		};
		BC9587BE2212ABE600D06C42 /* Tumbs */ = {
			isa = PBXGroup;
			children = (
				BC9587BF2212ABE600D06C42 /* AppDelegate.swift */,
				BC9587C12212ABE600D06C42 /* ViewController.swift */,
				BC9587C32212ABE600D06C42 /* Main.storyboard */,
				BC9587C62212ABE700D06C42 /* Assets.xcassets */,
				BC9587C82212ABE700D06C42 /* LaunchScreen.storyboard */,
				BC9587CB2212ABE700D06C42 /* Info.plist */,
			);
			path = Tumbs;
			sourceTree = "<group>";
		};
		BC9587D32212ABE700D06C42 /* TumbsTests */ = {
			isa = PBXGroup;
			children = (
				BC9587D42212ABE700D06C42 /* TumbsTests.swift */,
				BC9587D62212ABE700D06C42 /* Info.plist */,
			);
			path = TumbsTests;
			sourceTree = "<group>";
		};
		BC9587DE2212ABE700D06C42 /* TumbsUITests */ = {
			isa = PBXGroup;
			children = (
				BC9587DF2212ABE700D06C42 /* TumbsUITests.swift */,
				BC9587E12212ABE700D06C42 /* Info.plist */,
			);
			path = TumbsUITests;
			sourceTree = "<group>";
		};
/* End PBXGroup section */

/* Begin PBXNativeTarget section */
		BC9587BB2212ABE600D06C42 /* Tumbs */ = {
			isa = PBXNativeTarget;
			buildConfigurationList = BC9587E42212ABE700D06C42 /* Build configuration list for PBXNativeTarget "Tumbs" */;
			buildPhases = (
				BC9587B82212ABE600D06C42 /* Sources */,
				BC9587B92212ABE600D06C42 /* Frameworks */,
				BC9587BA2212ABE600D06C42 /* Resources */,
			);
			buildRules = (
			);
			dependencies = (
			);
			name = Tumbs;
			productName = Tumbs;
			productReference = BC9587BC2212ABE600D06C42 /* Tumbs.app */;
			productType = "com.apple.product-type.application";
		};
		BC9587CF2212ABE700D06C42 /* TumbsTests */ = {
			isa = PBXNativeTarget;
			buildConfigurationList = BC9587E72212ABE700D06C42 /* Build configuration list for PBXNativeTarget "TumbsTests" */;
			buildPhases = (
				BC9587CC2212ABE700D06C42 /* Sources */,
				BC9587CD2212ABE700D06C42 /* Frameworks */,
				BC9587CE2212ABE700D06C42 /* Resources */,
			);
			buildRules = (
			);
			dependencies = (
				BC9587D22212ABE700D06C42 /* PBXTargetDependency */,
			);
			name = TumbsTests;
			productName = TumbsTests;
			productReference = BC9587D02212ABE700D06C42 /* TumbsTests.xctest */;
			productType = "com.apple.product-type.bundle.unit-test";
		};
		BC9587DA2212ABE700D06C42 /* TumbsUITests */ = {
			isa = PBXNativeTarget;
			buildConfigurationList = BC9587EA2212ABE700D06C42 /* Build configuration list for PBXNativeTarget "TumbsUITests" */;
			buildPhases = (
				BC9587D72212ABE700D06C42 /* Sources */,
				BC9587D82212ABE700D06C42 /* Frameworks */,
				BC9587D92212ABE700D06C42 /* Resources */,
			);
			buildRules = (
			);
			dependencies = (
				BC9587DD2212ABE700D06C42 /* PBXTargetDependency */,
			);
			name = TumbsUITests;
			productName = TumbsUITests;
			productReference = BC9587DB2212ABE700D06C42 /* TumbsUITests.xctest */;
			productType = "com.apple.product-type.bundle.ui-testing";
		};
/* End PBXNativeTarget section */

/* Begin PBXProject section */
		BC9587B42212ABE600D06C42 /* Project object */ = {
			isa = PBXProject;
			attributes = {
				LastSwiftUpdateCheck = 1010;
				LastUpgradeCheck = 1010;
				ORGANIZATIONNAME = "Jose Davila";
				TargetAttributes = {
					BC9587BB2212ABE600D06C42 = {
						CreatedOnToolsVersion = 10.1;
					};
					BC9587CF2212ABE700D06C42 = {
						CreatedOnToolsVersion = 10.1;
						TestTargetID = BC9587BB2212ABE600D06C42;
					};
					BC9587DA2212ABE700D06C42 = {
						CreatedOnToolsVersion = 10.1;
						TestTargetID = BC9587BB2212ABE600D06C42;
					};
				};
			};
			buildConfigurationList = BC9587B72212ABE600D06C42 /* Build configuration list for PBXProject "Tumbs" */;
			compatibilityVersion = "Xcode 9.3";
			developmentRegion = en;
			hasScannedForEncodings = 0;
			knownRegions = (
				en,
				Base,
			);
			mainGroup = BC9587B32212ABE600D06C42;
			productRefGroup = BC9587BD2212ABE600D06C42 /* Products */;
			projectDirPath = "";
			projectRoot = "";
			targets = (
				BC9587BB2212ABE600D06C42 /* Tumbs */,
				BC9587CF2212ABE700D06C42 /* TumbsTests */,
				BC9587DA2212ABE700D06C42 /* TumbsUITests */,
			);
		};
/* End PBXProject section */

/* Begin PBXResourcesBuildPhase section */
		BC9587BA2212ABE600D06C42 /* Resources */ = {
			isa = PBXResourcesBuildPhase;
			buildActionMask = 2147483647;
			files = (
				BC9587CA2212ABE700D06C42 /* LaunchScreen.storyboard in Resources */,
				BC9587C72212ABE700D06C42 /* Assets.xcassets in Resources */,
				BC9587C52212ABE600D06C42 /* Main.storyboard in Resources */,
			);
			runOnlyForDeploymentPostprocessing = 0;
		};
		BC9587CE2212ABE700D06C42 /* Resources */ = {
			isa = PBXResourcesBuildPhase;
			buildActionMask = 2147483647;
			files = (
			);
			runOnlyForDeploymentPostprocessing = 0;
		};
		BC9587D92212ABE700D06C42 /* Resources */ = {
			isa = PBXResourcesBuildPhase;
			buildActionMask = 2147483647;
			files = (
			);
			runOnlyForDeploymentPostprocessing = 0;
		};
/* End PBXResourcesBuildPhase section */

/* Begin PBXSourcesBuildPhase section */
		BC9587B82212ABE600D06C42 /* Sources */ = {
			isa = PBXSourcesBuildPhase;
			buildActionMask = 2147483647;
			files = (
				BC9587C22212ABE600D06C42 /* ViewController.swift in Sources */,
				BC9587C02212ABE600D06C42 /* AppDelegate.swift in Sources */,
			);
			runOnlyForDeploymentPostprocessing = 0;
		};
		BC9587CC2212ABE700D06C42 /* Sources */ = {
			isa = PBXSourcesBuildPhase;
			buildActionMask = 2147483647;
			files = (
				BC9587D52212ABE700D06C42 /* TumbsTests.swift in Sources */,
			);
			runOnlyForDeploymentPostprocessing = 0;
		};
		BC9587D72212ABE700D06C42 /* Sources */ = {
			isa = PBXSourcesBuildPhase;
			buildActionMask = 2147483647;
			files = (
				BC9587E02212ABE700D06C42 /* TumbsUITests.swift in Sources */,
			);
			runOnlyForDeploymentPostprocessing = 0;
		};
/* End PBXSourcesBuildPhase section */

/* Begin PBXTargetDependency section */
		BC9587D22212ABE700D06C42 /* PBXTargetDependency */ = {
			isa = PBXTargetDependency;
			target = BC9587BB2212ABE600D06C42 /* Tumbs */;
			targetProxy = BC9587D12212ABE700D06C42 /* PBXContainerItemProxy */;
		};
		BC9587DD2212ABE700D06C42 /* PBXTargetDependency */ = {
			isa = PBXTargetDependency;
			target = BC9587BB2212ABE600D06C42 /* Tumbs */;
			targetProxy = BC9587DC2212ABE700D06C42 /* PBXContainerItemProxy */;
		};
/* End PBXTargetDependency section */

/* Begin PBXVariantGroup section */
		BC9587C32212ABE600D06C42 /* Main.storyboard */ = {
			isa = PBXVariantGroup;
			children = (
				BC9587C42212ABE600D06C42 /* Base */,
			);
			name = Main.storyboard;
			sourceTree = "<group>";
		};
		BC9587C82212ABE700D06C42 /* LaunchScreen.storyboard */ = {
			isa = PBXVariantGroup;
			children = (
				BC9587C92212ABE700D06C42 /* Base */,
			);
			name = LaunchScreen.storyboard;
			sourceTree = "<group>";
		};
/* End PBXVariantGroup section */

/* Begin XCBuildConfiguration section */
		BC9587E22212ABE700D06C42 /* Debug */ = {
			isa = XCBuildConfiguration;
			buildSettings = {
				ALWAYS_SEARCH_USER_PATHS = NO;
				CLANG_ANALYZER_NONNULL = YES;
				CLANG_ANALYZER_NUMBER_OBJECT_CONVERSION = YES_AGGRESSIVE;
				CLANG_CXX_LANGUAGE_STANDARD = "gnu++14";
				CLANG_CXX_LIBRARY = "libc++";
				CLANG_ENABLE_MODULES = YES;
				CLANG_ENABLE_OBJC_ARC = YES;
				CLANG_ENABLE_OBJC_WEAK = YES;
				CLANG_WARN_BLOCK_CAPTURE_AUTORELEASING = YES;
				CLANG_WARN_BOOL_CONVERSION = YES;
				CLANG_WARN_COMMA = YES;
				CLANG_WARN_CONSTANT_CONVERSION = YES;
				CLANG_WARN_DEPRECATED_OBJC_IMPLEMENTATIONS = YES;
				CLANG_WARN_DIRECT_OBJC_ISA_USAGE = YES_ERROR;
				CLANG_WARN_DOCUMENTATION_COMMENTS = YES;
				CLANG_WARN_EMPTY_BODY = YES;
				CLANG_WARN_ENUM_CONVERSION = YES;
				CLANG_WARN_INFINITE_RECURSION = YES;
				CLANG_WARN_INT_CONVERSION = YES;
				CLANG_WARN_NON_LITERAL_NULL_CONVERSION = YES;
				CLANG_WARN_OBJC_IMPLICIT_RETAIN_SELF = YES;
				CLANG_WARN_OBJC_LITERAL_CONVERSION = YES;
				CLANG_WARN_OBJC_ROOT_CLASS = YES_ERROR;
				CLANG_WARN_RANGE_LOOP_ANALYSIS = YES;
				CLANG_WARN_STRICT_PROTOTYPES = YES;
				CLANG_WARN_SUSPICIOUS_MOVE = YES;
				CLANG_WARN_UNGUARDED_AVAILABILITY = YES_AGGRESSIVE;
				CLANG_WARN_UNREACHABLE_CODE = YES;
				CLANG_WARN__DUPLICATE_METHOD_MATCH = YES;
				CODE_SIGN_IDENTITY = "iPhone Developer";
				COPY_PHASE_STRIP = NO;
				DEBUG_INFORMATION_FORMAT = dwarf;
				ENABLE_STRICT_OBJC_MSGSEND = YES;
				ENABLE_TESTABILITY = YES;
				GCC_C_LANGUAGE_STANDARD = gnu11;
				GCC_DYNAMIC_NO_PIC = NO;
				GCC_NO_COMMON_BLOCKS = YES;
				GCC_OPTIMIZATION_LEVEL = 0;
				GCC_PREPROCESSOR_DEFINITIONS = (
					"DEBUG=1",
					"$(inherited)",
				);
				GCC_WARN_64_TO_32_BIT_CONVERSION = YES;
				GCC_WARN_ABOUT_RETURN_TYPE = YES_ERROR;
				GCC_WARN_UNDECLARED_SELECTOR = YES;
				GCC_WARN_UNINITIALIZED_AUTOS = YES_AGGRESSIVE;
				GCC_WARN_UNUSED_FUNCTION = YES;
				GCC_WARN_UNUSED_VARIABLE = YES;
				IPHONEOS_DEPLOYMENT_TARGET = 12.1;
				MTL_ENABLE_DEBUG_INFO = INCLUDE_SOURCE;
				MTL_FAST_MATH = YES;
				ONLY_ACTIVE_ARCH = YES;
				SDKROOT = iphoneos;
				SWIFT_ACTIVE_COMPILATION_CONDITIONS = DEBUG;
				SWIFT_OPTIMIZATION_LEVEL = "-Onone";
			};
			name = Debug;
		};
		BC9587E32212ABE700D06C42 /* Release */ = {
			isa = XCBuildConfiguration;
			buildSettings = {
				ALWAYS_SEARCH_USER_PATHS = NO;
				CLANG_ANALYZER_NONNULL = YES;
				CLANG_ANALYZER_NUMBER_OBJECT_CONVERSION = YES_AGGRESSIVE;
				CLANG_CXX_LANGUAGE_STANDARD = "gnu++14";
				CLANG_CXX_LIBRARY = "libc++";
				CLANG_ENABLE_MODULES = YES;
				CLANG_ENABLE_OBJC_ARC = YES;
				CLANG_ENABLE_OBJC_WEAK = YES;
				CLANG_WARN_BLOCK_CAPTURE_AUTORELEASING = YES;
				CLANG_WARN_BOOL_CONVERSION = YES;
				CLANG_WARN_COMMA = YES;
				CLANG_WARN_CONSTANT_CONVERSION = YES;
				CLANG_WARN_DEPRECATED_OBJC_IMPLEMENTATIONS = YES;
				CLANG_WARN_DIRECT_OBJC_ISA_USAGE = YES_ERROR;
				CLANG_WARN_DOCUMENTATION_COMMENTS = YES;
				CLANG_WARN_EMPTY_BODY = YES;
				CLANG_WARN_ENUM_CONVERSION = YES;
				CLANG_WARN_INFINITE_RECURSION = YES;
				CLANG_WARN_INT_CONVERSION = YES;
				CLANG_WARN_NON_LITERAL_NULL_CONVERSION = YES;
				CLANG_WARN_OBJC_IMPLICIT_RETAIN_SELF = YES;
				CLANG_WARN_OBJC_LITERAL_CONVERSION = YES;
				CLANG_WARN_OBJC_ROOT_CLASS = YES_ERROR;
				CLANG_WARN_RANGE_LOOP_ANALYSIS = YES;
				CLANG_WARN_STRICT_PROTOTYPES = YES;
				CLANG_WARN_SUSPICIOUS_MOVE = YES;
				CLANG_WARN_UNGUARDED_AVAILABILITY = YES_AGGRESSIVE;
				CLANG_WARN_UNREACHABLE_CODE = YES;
				CLANG_WARN__DUPLICATE_METHOD_MATCH = YES;
				CODE_SIGN_IDENTITY = "iPhone Developer";
				COPY_PHASE_STRIP = NO;
				DEBUG_INFORMATION_FORMAT = "dwarf-with-dsym";
				ENABLE_NS_ASSERTIONS = NO;
				ENABLE_STRICT_OBJC_MSGSEND = YES;
				GCC_C_LANGUAGE_STANDARD = gnu11;
				GCC_NO_COMMON_BLOCKS = YES;
				GCC_WARN_64_TO_32_BIT_CONVERSION = YES;
				GCC_WARN_ABOUT_RETURN_TYPE = YES_ERROR;
				GCC_WARN_UNDECLARED_SELECTOR = YES;
				GCC_WARN_UNINITIALIZED_AUTOS = YES_AGGRESSIVE;
				GCC_WARN_UNUSED_FUNCTION = YES;
				GCC_WARN_UNUSED_VARIABLE = YES;
				IPHONEOS_DEPLOYMENT_TARGET = 12.1;
				MTL_ENABLE_DEBUG_INFO = NO;
				MTL_FAST_MATH = YES;
				SDKROOT = iphoneos;
				SWIFT_COMPILATION_MODE = wholemodule;
				SWIFT_OPTIMIZATION_LEVEL = "-O";
				VALIDATE_PRODUCT = YES;
			};
			name = Release;
		};
		BC9587E52212ABE700D06C42 /* Debug */ = {
			isa = XCBuildConfiguration;
			buildSettings = {
				ASSETCATALOG_COMPILER_APPICON_NAME = AppIcon;
				CODE_SIGN_STYLE = Automatic;
				DEVELOPMENT_TEAM = 6F35KBLT72;
				INFOPLIST_FILE = Tumbs/Info.plist;
				LD_RUNPATH_SEARCH_PATHS = (
					"$(inherited)",
					"@executable_path/Frameworks",
				);
				PRODUCT_BUNDLE_IDENTIFIER = com.josedavila.Tumbs;
				PRODUCT_NAME = "$(TARGET_NAME)";
				SWIFT_VERSION = 4.2;
				TARGETED_DEVICE_FAMILY = "1,2";
			};
			name = Debug;
		};
		BC9587E62212ABE700D06C42 /* Release */ = {
			isa = XCBuildConfiguration;
			buildSettings = {
				ASSETCATALOG_COMPILER_APPICON_NAME = AppIcon;
				CODE_SIGN_STYLE = Automatic;
				DEVELOPMENT_TEAM = 6F35KBLT72;
				INFOPLIST_FILE = Tumbs/Info.plist;
				LD_RUNPATH_SEARCH_PATHS = (
					"$(inherited)",
					"@executable_path/Frameworks",
				);
				PRODUCT_BUNDLE_IDENTIFIER = com.josedavila.Tumbs;
				PRODUCT_NAME = "$(TARGET_NAME)";
				SWIFT_VERSION = 4.2;
				TARGETED_DEVICE_FAMILY = "1,2";
			};
			name = Release;
		};
		BC9587E82212ABE700D06C42 /* Debug */ = {
			isa = XCBuildConfiguration;
			buildSettings = {
				ALWAYS_EMBED_SWIFT_STANDARD_LIBRARIES = YES;
				BUNDLE_LOADER = "$(TEST_HOST)";
				CODE_SIGN_STYLE = Automatic;
				DEVELOPMENT_TEAM = 6F35KBLT72;
				INFOPLIST_FILE = TumbsTests/Info.plist;
				LD_RUNPATH_SEARCH_PATHS = (
					"$(inherited)",
					"@executable_path/Frameworks",
					"@loader_path/Frameworks",
				);
				PRODUCT_BUNDLE_IDENTIFIER = com.josedavila.TumbsTests;
				PRODUCT_NAME = "$(TARGET_NAME)";
				SWIFT_VERSION = 4.2;
				TARGETED_DEVICE_FAMILY = "1,2";
				TEST_HOST = "$(BUILT_PRODUCTS_DIR)/Tumbs.app/Tumbs";
			};
			name = Debug;
		};
		BC9587E92212ABE700D06C42 /* Release */ = {
			isa = XCBuildConfiguration;
			buildSettings = {
				ALWAYS_EMBED_SWIFT_STANDARD_LIBRARIES = YES;
				BUNDLE_LOADER = "$(TEST_HOST)";
				CODE_SIGN_STYLE = Automatic;
				DEVELOPMENT_TEAM = 6F35KBLT72;
				INFOPLIST_FILE = TumbsTests/Info.plist;
				LD_RUNPATH_SEARCH_PATHS = (
					"$(inherited)",
					"@executable_path/Frameworks",
					"@loader_path/Frameworks",
				);
				PRODUCT_BUNDLE_IDENTIFIER = com.josedavila.TumbsTests;
				PRODUCT_NAME = "$(TARGET_NAME)";
				SWIFT_VERSION = 4.2;
				TARGETED_DEVICE_FAMILY = "1,2";
				TEST_HOST = "$(BUILT_PRODUCTS_DIR)/Tumbs.app/Tumbs";
			};
			name = Release;
		};
		BC9587EB2212ABE700D06C42 /* Debug */ = {
			isa = XCBuildConfiguration;
			buildSettings = {
				ALWAYS_EMBED_SWIFT_STANDARD_LIBRARIES = YES;
				CODE_SIGN_STYLE = Automatic;
				DEVELOPMENT_TEAM = 6F35KBLT72;
				INFOPLIST_FILE = TumbsUITests/Info.plist;
				LD_RUNPATH_SEARCH_PATHS = (
					"$(inherited)",
					"@executable_path/Frameworks",
					"@loader_path/Frameworks",
				);
				PRODUCT_BUNDLE_IDENTIFIER = com.josedavila.TumbsUITests;
				PRODUCT_NAME = "$(TARGET_NAME)";
				SWIFT_VERSION = 4.2;
				TARGETED_DEVICE_FAMILY = "1,2";
				TEST_TARGET_NAME = Tumbs;
			};
			name = Debug;
		};
		BC9587EC2212ABE700D06C42 /* Release */ = {
			isa = XCBuildConfiguration;
			buildSettings = {
				ALWAYS_EMBED_SWIFT_STANDARD_LIBRARIES = YES;
				CODE_SIGN_STYLE = Automatic;
				DEVELOPMENT_TEAM = 6F35KBLT72;
				INFOPLIST_FILE = TumbsUITests/Info.plist;
				LD_RUNPATH_SEARCH_PATHS = (
					"$(inherited)",
					"@executable_path/Frameworks",
					"@loader_path/Frameworks",
				);
				PRODUCT_BUNDLE_IDENTIFIER = com.josedavila.TumbsUITests;
				PRODUCT_NAME = "$(TARGET_NAME)";
				SWIFT_VERSION = 4.2;
				TARGETED_DEVICE_FAMILY = "1,2";
				TEST_TARGET_NAME = Tumbs;
			};
			name = Release;
		};
/* End XCBuildConfiguration section */

/* Begin XCConfigurationList section */
		BC9587B72212ABE600D06C42 /* Build configuration list for PBXProject "Tumbs" */ = {
			isa = XCConfigurationList;
			buildConfigurations = (
				BC9587E22212ABE700D06C42 /* Debug */,
				BC9587E32212ABE700D06C42 /* Release */,
			);
			defaultConfigurationIsVisible = 0;
			defaultConfigurationName = Release;
		};
		BC9587E42212ABE700D06C42 /* Build configuration list for PBXNativeTarget "Tumbs" */ = {
			isa = XCConfigurationList;
			buildConfigurations = (
				BC9587E52212ABE700D06C42 /* Debug */,
				BC9587E62212ABE700D06C42 /* Release */,
			);
			defaultConfigurationIsVisible = 0;
			defaultConfigurationName = Release;
		};
		BC9587E72212ABE700D06C42 /* Build configuration list for PBXNativeTarget "TumbsTests" */ = {
			isa = XCConfigurationList;
			buildConfigurations = (
				BC9587E82212ABE700D06C42 /* Debug */,
				BC9587E92212ABE700D06C42 /* Release */,
			);
			defaultConfigurationIsVisible = 0;
			defaultConfigurationName = Release;
		};
		BC9587EA2212ABE700D06C42 /* Build configuration list for PBXNativeTarget "TumbsUITests" */ = {
			isa = XCConfigurationList;
			buildConfigurations = (
				BC9587EB2212ABE700D06C42 /* Debug */,
				BC9587EC2212ABE700D06C42 /* Release */,
			);
			defaultConfigurationIsVisible = 0;
			defaultConfigurationName = Release;
		};
/* End XCConfigurationList section */
	};
	rootObject = BC9587B42212ABE600D06C42 /* Project object */;
}
